
Microsoft Visual Studio Solution File, Format Version 12.00
# Visual Studio Version 17
VisualStudioVersion = 17.9.34701.34
MinimumVisualStudioVersion = 10.0.40219.1
Project("{FAE04EC0-301F-11D3-BF4B-00C04F79EFBC}") = "Multidimensional_Arrarys", "Multidimensional_Arrarys\Multidimensional_Arrarys.csproj", "{4F33C202-B025-4F14-AA0E-59F74D4668A9}"
EndProject
Global
	GlobalSection(SolutionConfigurationPlatforms) = preSolution
		Debug|Any CPU = Debug|Any CPU
		Release|Any CPU = Release|Any CPU
	EndGlobalSection
	GlobalSection(ProjectConfigurationPlatforms) = postSolution
		{4F33C202-B025-4F14-AA0E-59F74D4668A9}.Debug|Any CPU.ActiveCfg = Debug|Any CPU
		{4F33C202-B025-4F14-AA0E-59F74D4668A9}.Debug|Any CPU.Build.0 = Debug|Any CPU
		{4F33C202-B025-4F14-AA0E-59F74D4668A9}.Release|Any CPU.ActiveCfg = Release|Any CPU
		{4F33C202-B025-4F14-AA0E-59F74D4668A9}.Release|Any CPU.Build.0 = Release|Any CPU
	EndGlobalSection
	GlobalSection(SolutionProperties) = preSolution
		HideSolutionNode = FALSE
	EndGlobalSection
	GlobalSection(ExtensibilityGlobals) = postSolution
		SolutionGuid = {6B7FF51C-A7EE-4B10-ADB6-C0CF09988EFA}
	EndGlobalSection
EndGlobal
