
Microsoft Visual Studio Solution File, Format Version 12.00
# Visual Studio Version 17
VisualStudioVersion = 17.9.34701.34
MinimumVisualStudioVersion = 10.0.40219.1
Project("{FAE04EC0-301F-11D3-BF4B-00C04F79EFBC}") = "Gomoku2", "Gomoku2\Gomoku2.csproj", "{9F3A1242-5CF1-4622-9EF5-A12CE16A14BB}"
EndProject
Global
	GlobalSection(SolutionConfigurationPlatforms) = preSolution
		Debug|Any CPU = Debug|Any CPU
		Release|Any CPU = Release|Any CPU
	EndGlobalSection
	GlobalSection(ProjectConfigurationPlatforms) = postSolution
		{9F3A1242-5CF1-4622-9EF5-A12CE16A14BB}.Debug|Any CPU.ActiveCfg = Debug|Any CPU
		{9F3A1242-5CF1-4622-9EF5-A12CE16A14BB}.Debug|Any CPU.Build.0 = Debug|Any CPU
		{9F3A1242-5CF1-4622-9EF5-A12CE16A14BB}.Release|Any CPU.ActiveCfg = Release|Any CPU
		{9F3A1242-5CF1-4622-9EF5-A12CE16A14BB}.Release|Any CPU.Build.0 = Release|Any CPU
	EndGlobalSection
	GlobalSection(SolutionProperties) = preSolution
		HideSolutionNode = FALSE
	EndGlobalSection
	GlobalSection(ExtensibilityGlobals) = postSolution
		SolutionGuid = {818EB04B-B05C-4C95-BD74-118ED2E4C83D}
	EndGlobalSection
EndGlobal
